// !$*UTF8*$!
{
	archiveVersion = 1;
	classes = {
	};
	objectVersion = 46;
	objects = {

/* Begin PBXBuildFile section */
		95292E0420065326006FD63A /* AppDelegate.swift in Sources */ = {isa = PBXBuildFile; fileRef = 95292E0320065326006FD63A /* AppDelegate.swift */; };
		95292E0620065326006FD63A /* ViewController.swift in Sources */ = {isa = PBXBuildFile; fileRef = 95292E0520065326006FD63A /* ViewController.swift */; };
		95292E0920065326006FD63A /* Main.storyboard in Resources */ = {isa = PBXBuildFile; fileRef = 95292E0720065326006FD63A /* Main.storyboard */; };
		95292E0C20065326006FD63A /* FlickPhotoLoad.xcdatamodeld in Sources */ = {isa = PBXBuildFile; fileRef = 95292E0A20065326006FD63A /* FlickPhotoLoad.xcdatamodeld */; };
		95292E0E20065326006FD63A /* Assets.xcassets in Resources */ = {isa = PBXBuildFile; fileRef = 95292E0D20065326006FD63A /* Assets.xcassets */; };
		95292E1120065326006FD63A /* LaunchScreen.storyboard in Resources */ = {isa = PBXBuildFile; fileRef = 95292E0F20065326006FD63A /* LaunchScreen.storyboard */; };
		95292E1E20067755006FD63A /* TableViewCell.swift in Sources */ = {isa = PBXBuildFile; fileRef = 95292E1D20067755006FD63A /* TableViewCell.swift */; };
		9566B6622008551C00E968D5 /* IJProgressView.swift in Sources */ = {isa = PBXBuildFile; fileRef = 9566B6612008551C00E968D5 /* IJProgressView.swift */; };
		95741503200746ED00AF50AC /* ImageList.swift in Sources */ = {isa = PBXBuildFile; fileRef = 95741502200746ED00AF50AC /* ImageList.swift */; };
		95F072AF200799E3003F466D /* SDWebImage.framework in Frameworks */ = {isa = PBXBuildFile; fileRef = 95F072AE200799E3003F466D /* SDWebImage.framework */; };
/* End PBXBuildFile section */

/* Begin PBXFileReference section */
		95292E0020065326006FD63A /* FlickPhotoLoad.app */ = {isa = PBXFileReference; explicitFileType = wrapper.application; includeInIndex = 0; path = FlickPhotoLoad.app; sourceTree = BUILT_PRODUCTS_DIR; };
		95292E0320065326006FD63A /* AppDelegate.swift */ = {isa = PBXFileReference; lastKnownFileType = sourcecode.swift; path = AppDelegate.swift; sourceTree = "<group>"; };
		95292E0520065326006FD63A /* ViewController.swift */ = {isa = PBXFileReference; lastKnownFileType = sourcecode.swift; path = ViewController.swift; sourceTree = "<group>"; };
		95292E0820065326006FD63A /* Base */ = {isa = PBXFileReference; lastKnownFileType = file.storyboard; name = Base; path = Base.lproj/Main.storyboard; sourceTree = "<group>"; };
		95292E0B20065326006FD63A /* FlickPhotoLoad.xcdatamodel */ = {isa = PBXFileReference; lastKnownFileType = wrapper.xcdatamodel; path = FlickPhotoLoad.xcdatamodel; sourceTree = "<group>"; };
		95292E0D20065326006FD63A /* Assets.xcassets */ = {isa = PBXFileReference; lastKnownFileType = folder.assetcatalog; path = Assets.xcassets; sourceTree = "<group>"; };
		95292E1020065326006FD63A /* Base */ = {isa = PBXFileReference; lastKnownFileType = file.storyboard; name = Base; path = Base.lproj/LaunchScreen.storyboard; sourceTree = "<group>"; };
		95292E1220065326006FD63A /* Info.plist */ = {isa = PBXFileReference; lastKnownFileType = text.plist.xml; path = Info.plist; sourceTree = "<group>"; };
		95292E1D20067755006FD63A /* TableViewCell.swift */ = {isa = PBXFileReference; fileEncoding = 4; lastKnownFileType = sourcecode.swift; path = TableViewCell.swift; sourceTree = "<group>"; };
		9566B6612008551C00E968D5 /* IJProgressView.swift */ = {isa = PBXFileReference; fileEncoding = 4; lastKnownFileType = sourcecode.swift; path = IJProgressView.swift; sourceTree = "<group>"; };
		95741502200746ED00AF50AC /* ImageList.swift */ = {isa = PBXFileReference; fileEncoding = 4; lastKnownFileType = sourcecode.swift; path = ImageList.swift; sourceTree = "<group>"; };
		95F072AE200799E3003F466D /* SDWebImage.framework */ = {isa = PBXFileReference; lastKnownFileType = wrapper.framework; name = SDWebImage.framework; path = Carthage/Build/iOS/SDWebImage.framework; sourceTree = "<group>"; };
/* End PBXFileReference section */

/* Begin PBXFrameworksBuildPhase section */
		95292DFD20065326006FD63A /* Frameworks */ = {
			isa = PBXFrameworksBuildPhase;
			buildActionMask = 2147483647;
			files = (
				95F072AF200799E3003F466D /* SDWebImage.framework in Frameworks */,
			);
			runOnlyForDeploymentPostprocessing = 0;
		};
/* End PBXFrameworksBuildPhase section */

/* Begin PBXGroup section */
		95292DF720065326006FD63A = {
			isa = PBXGroup;
			children = (
				95292E0220065326006FD63A /* FlickPhotoLoad */,
				95292E0120065326006FD63A /* Products */,
				95F072AD200799E2003F466D /* Frameworks */,
			);
			sourceTree = "<group>";
		};
		95292E0120065326006FD63A /* Products */ = {
			isa = PBXGroup;
			children = (
				95292E0020065326006FD63A /* FlickPhotoLoad.app */,
			);
			name = Products;
			sourceTree = "<group>";
		};
		95292E0220065326006FD63A /* FlickPhotoLoad */ = {
			isa = PBXGroup;
			children = (
				95292E1C2006773E006FD63A /* TableViewCell */,
				95292E1B20065439006FD63A /* Resources */,
				95292E1A2006542C006FD63A /* AppConfig */,
				95292E192006541D006FD63A /* ViewControllers */,
				95292E182006540D006FD63A /* Storyboards */,
			);
			path = FlickPhotoLoad;
			sourceTree = "<group>";
		};
		95292E182006540D006FD63A /* Storyboards */ = {
			isa = PBXGroup;
			children = (
				95292E0720065326006FD63A /* Main.storyboard */,
				95292E0F20065326006FD63A /* LaunchScreen.storyboard */,
			);
			name = Storyboards;
			sourceTree = "<group>";
		};
		95292E192006541D006FD63A /* ViewControllers */ = {
			isa = PBXGroup;
			children = (
				95292E0520065326006FD63A /* ViewController.swift */,
			);
			name = ViewControllers;
			sourceTree = "<group>";
		};
		95292E1A2006542C006FD63A /* AppConfig */ = {
			isa = PBXGroup;
			children = (
				95292E0320065326006FD63A /* AppDelegate.swift */,
				95292E1220065326006FD63A /* Info.plist */,
			);
			name = AppConfig;
			sourceTree = "<group>";
		};
		95292E1B20065439006FD63A /* Resources */ = {
			isa = PBXGroup;
			children = (
				95292E0D20065326006FD63A /* Assets.xcassets */,
				95292E0A20065326006FD63A /* FlickPhotoLoad.xcdatamodeld */,
				95741502200746ED00AF50AC /* ImageList.swift */,
				9566B6612008551C00E968D5 /* IJProgressView.swift */,
			);
			name = Resources;
			sourceTree = "<group>";
		};
		95292E1C2006773E006FD63A /* TableViewCell */ = {
			isa = PBXGroup;
			children = (
				95292E1D20067755006FD63A /* TableViewCell.swift */,
			);
			name = TableViewCell;
			sourceTree = "<group>";
		};
		95F072AD200799E2003F466D /* Frameworks */ = {
			isa = PBXGroup;
			children = (
				95F072AE200799E3003F466D /* SDWebImage.framework */,
			);
			name = Frameworks;
			sourceTree = "<group>";
		};
/* End PBXGroup section */

/* Begin PBXNativeTarget section */
		95292DFF20065326006FD63A /* FlickPhotoLoad */ = {
			isa = PBXNativeTarget;
			buildConfigurationList = 95292E1520065326006FD63A /* Build configuration list for PBXNativeTarget "FlickPhotoLoad" */;
			buildPhases = (
				95292DFC20065326006FD63A /* Sources */,
				95292DFD20065326006FD63A /* Frameworks */,
				95292DFE20065326006FD63A /* Resources */,
				95F072B020079A0A003F466D /* ShellScript */,
			);
			buildRules = (
			);
			dependencies = (
			);
			name = FlickPhotoLoad;
			productName = FlickPhotoLoad;
			productReference = 95292E0020065326006FD63A /* FlickPhotoLoad.app */;
			productType = "com.apple.product-type.application";
		};
/* End PBXNativeTarget section */

/* Begin PBXProject section */
		95292DF820065326006FD63A /* Project object */ = {
			isa = PBXProject;
			attributes = {
				LastSwiftUpdateCheck = 0830;
				LastUpgradeCheck = 0830;
				ORGANIZATIONNAME = "Prakhar Tripathi";
				TargetAttributes = {
					95292DFF20065326006FD63A = {
						CreatedOnToolsVersion = 8.3.2;
						ProvisioningStyle = Automatic;
					};
				};
			};
			buildConfigurationList = 95292DFB20065326006FD63A /* Build configuration list for PBXProject "FlickPhotoLoad" */;
			compatibilityVersion = "Xcode 3.2";
			developmentRegion = English;
			hasScannedForEncodings = 0;
			knownRegions = (
				en,
				Base,
			);
			mainGroup = 95292DF720065326006FD63A;
			productRefGroup = 95292E0120065326006FD63A /* Products */;
			projectDirPath = "";
			projectRoot = "";
			targets = (
				95292DFF20065326006FD63A /* FlickPhotoLoad */,
			);
		};
/* End PBXProject section */

/* Begin PBXResourcesBuildPhase section */
		95292DFE20065326006FD63A /* Resources */ = {
			isa = PBXResourcesBuildPhase;
			buildActionMask = 2147483647;
			files = (
				95292E1120065326006FD63A /* LaunchScreen.storyboard in Resources */,
				95292E0E20065326006FD63A /* Assets.xcassets in Resources */,
				95292E0920065326006FD63A /* Main.storyboard in Resources */,
			);
			runOnlyForDeploymentPostprocessing = 0;
		};
/* End PBXResourcesBuildPhase section */

/* Begin PBXShellScriptBuildPhase section */
		95F072B020079A0A003F466D /* ShellScript */ = {
			isa = PBXShellScriptBuildPhase;
			buildActionMask = 2147483647;
			files = (
			);
			inputPaths = (
				"$(SRCROOT)/Carthage/Build/iOS/SDWebImage.framework",
			);
			outputPaths = (
			);
			runOnlyForDeploymentPostprocessing = 0;
			shellPath = /bin/sh;
			shellScript = "/usr/local/bin/carthage copy-frameworks\n";
		};
/* End PBXShellScriptBuildPhase section */

/* Begin PBXSourcesBuildPhase section */
		95292DFC20065326006FD63A /* Sources */ = {
			isa = PBXSourcesBuildPhase;
			buildActionMask = 2147483647;
			files = (
				9566B6622008551C00E968D5 /* IJProgressView.swift in Sources */,
				95292E0C20065326006FD63A /* FlickPhotoLoad.xcdatamodeld in Sources */,
				95292E1E20067755006FD63A /* TableViewCell.swift in Sources */,
				95292E0620065326006FD63A /* ViewController.swift in Sources */,
				95292E0420065326006FD63A /* AppDelegate.swift in Sources */,
				95741503200746ED00AF50AC /* ImageList.swift in Sources */,
			);
			runOnlyForDeploymentPostprocessing = 0;
		};
/* End PBXSourcesBuildPhase section */

/* Begin PBXVariantGroup section */
		95292E0720065326006FD63A /* Main.storyboard */ = {
			isa = PBXVariantGroup;
			children = (
				95292E0820065326006FD63A /* Base */,
			);
			name = Main.storyboard;
			sourceTree = "<group>";
		};
		95292E0F20065326006FD63A /* LaunchScreen.storyboard */ = {
			isa = PBXVariantGroup;
			children = (
				95292E1020065326006FD63A /* Base */,
			);
			name = LaunchScreen.storyboard;
			sourceTree = "<group>";
		};
/* End PBXVariantGroup section */

/* Begin XCBuildConfiguration section */
		95292E1320065326006FD63A /* Debug */ = {
			isa = XCBuildConfiguration;
			buildSettings = {
				ALWAYS_SEARCH_USER_PATHS = NO;
				CLANG_ANALYZER_NONNULL = YES;
				CLANG_ANALYZER_NUMBER_OBJECT_CONVERSION = YES_AGGRESSIVE;
				CLANG_CXX_LANGUAGE_STANDARD = "gnu++0x";
				CLANG_CXX_LIBRARY = "libc++";
				CLANG_ENABLE_MODULES = YES;
				CLANG_ENABLE_OBJC_ARC = YES;
				CLANG_WARN_BOOL_CONVERSION = YES;
				CLANG_WARN_CONSTANT_CONVERSION = YES;
				CLANG_WARN_DIRECT_OBJC_ISA_USAGE = YES_ERROR;
				CLANG_WARN_DOCUMENTATION_COMMENTS = YES;
				CLANG_WARN_EMPTY_BODY = YES;
				CLANG_WARN_ENUM_CONVERSION = YES;
				CLANG_WARN_INFINITE_RECURSION = YES;
				CLANG_WARN_INT_CONVERSION = YES;
				CLANG_WARN_OBJC_ROOT_CLASS = YES_ERROR;
				CLANG_WARN_SUSPICIOUS_MOVE = YES;
				CLANG_WARN_UNREACHABLE_CODE = YES;
				CLANG_WARN__DUPLICATE_METHOD_MATCH = YES;
				"CODE_SIGN_IDENTITY[sdk=iphoneos*]" = "iPhone Developer";
				COPY_PHASE_STRIP = NO;
				DEBUG_INFORMATION_FORMAT = dwarf;
				ENABLE_STRICT_OBJC_MSGSEND = YES;
				ENABLE_TESTABILITY = YES;
				GCC_C_LANGUAGE_STANDARD = gnu99;
				GCC_DYNAMIC_NO_PIC = NO;
				GCC_NO_COMMON_BLOCKS = YES;
				GCC_OPTIMIZATION_LEVEL = 0;
				GCC_PREPROCESSOR_DEFINITIONS = (
					"DEBUG=1",
					"$(inherited)",
				);
				GCC_WARN_64_TO_32_BIT_CONVERSION = YES;
				GCC_WARN_ABOUT_RETURN_TYPE = YES_ERROR;
				GCC_WARN_UNDECLARED_SELECTOR = YES;
				GCC_WARN_UNINITIALIZED_AUTOS = YES_AGGRESSIVE;
				GCC_WARN_UNUSED_FUNCTION = YES;
				GCC_WARN_UNUSED_VARIABLE = YES;
				IPHONEOS_DEPLOYMENT_TARGET = 10.3;
				MTL_ENABLE_DEBUG_INFO = YES;
				ONLY_ACTIVE_ARCH = YES;
				SDKROOT = iphoneos;
				SWIFT_ACTIVE_COMPILATION_CONDITIONS = DEBUG;
				SWIFT_OPTIMIZATION_LEVEL = "-Onone";
				TARGETED_DEVICE_FAMILY = "1,2";
			};
			name = Debug;
		};
		95292E1420065326006FD63A /* Release */ = {
			isa = XCBuildConfiguration;
			buildSettings = {
				ALWAYS_SEARCH_USER_PATHS = NO;
				CLANG_ANALYZER_NONNULL = YES;
				CLANG_ANALYZER_NUMBER_OBJECT_CONVERSION = YES_AGGRESSIVE;
				CLANG_CXX_LANGUAGE_STANDARD = "gnu++0x";
				CLANG_CXX_LIBRARY = "libc++";
				CLANG_ENABLE_MODULES = YES;
				CLANG_ENABLE_OBJC_ARC = YES;
				CLANG_WARN_BOOL_CONVERSION = YES;
				CLANG_WARN_CONSTANT_CONVERSION = YES;
				CLANG_WARN_DIRECT_OBJC_ISA_USAGE = YES_ERROR;
				CLANG_WARN_DOCUMENTATION_COMMENTS = YES;
				CLANG_WARN_EMPTY_BODY = YES;
				CLANG_WARN_ENUM_CONVERSION = YES;
				CLANG_WARN_INFINITE_RECURSION = YES;
				CLANG_WARN_INT_CONVERSION = YES;
				CLANG_WARN_OBJC_ROOT_CLASS = YES_ERROR;
				CLANG_WARN_SUSPICIOUS_MOVE = YES;
				CLANG_WARN_UNREACHABLE_CODE = YES;
				CLANG_WARN__DUPLICATE_METHOD_MATCH = YES;
				"CODE_SIGN_IDENTITY[sdk=iphoneos*]" = "iPhone Developer";
				COPY_PHASE_STRIP = NO;
				DEBUG_INFORMATION_FORMAT = "dwarf-with-dsym";
				ENABLE_NS_ASSERTIONS = NO;
				ENABLE_STRICT_OBJC_MSGSEND = YES;
				GCC_C_LANGUAGE_STANDARD = gnu99;
				GCC_NO_COMMON_BLOCKS = YES;
				GCC_WARN_64_TO_32_BIT_CONVERSION = YES;
				GCC_WARN_ABOUT_RETURN_TYPE = YES_ERROR;
				GCC_WARN_UNDECLARED_SELECTOR = YES;
				GCC_WARN_UNINITIALIZED_AUTOS = YES_AGGRESSIVE;
				GCC_WARN_UNUSED_FUNCTION = YES;
				GCC_WARN_UNUSED_VARIABLE = YES;
				IPHONEOS_DEPLOYMENT_TARGET = 10.3;
				MTL_ENABLE_DEBUG_INFO = NO;
				SDKROOT = iphoneos;
				SWIFT_OPTIMIZATION_LEVEL = "-Owholemodule";
				TARGETED_DEVICE_FAMILY = "1,2";
				VALIDATE_PRODUCT = YES;
			};
			name = Release;
		};
		95292E1620065326006FD63A /* Debug */ = {
			isa = XCBuildConfiguration;
			buildSettings = {
				ASSETCATALOG_COMPILER_APPICON_NAME = AppIcon;
				FRAMEWORK_SEARCH_PATHS = (
					"$(inherited)",
					"$(PROJECT_DIR)/Carthage/Build/iOS",
				);
				INFOPLIST_FILE = FlickPhotoLoad/Info.plist;
				LD_RUNPATH_SEARCH_PATHS = "$(inherited) @executable_path/Frameworks";
				PRODUCT_BUNDLE_IDENTIFIER = com.try.prakhar.FlickPhotoLoad;
				PRODUCT_NAME = "$(TARGET_NAME)";
				SWIFT_VERSION = 3.0;
			};
			name = Debug;
		};
		95292E1720065326006FD63A /* Release */ = {
			isa = XCBuildConfiguration;
			buildSettings = {
				ASSETCATALOG_COMPILER_APPICON_NAME = AppIcon;
				FRAMEWORK_SEARCH_PATHS = (
					"$(inherited)",
					"$(PROJECT_DIR)/Carthage/Build/iOS",
				);
				INFOPLIST_FILE = FlickPhotoLoad/Info.plist;
				LD_RUNPATH_SEARCH_PATHS = "$(inherited) @executable_path/Frameworks";
				PRODUCT_BUNDLE_IDENTIFIER = com.try.prakhar.FlickPhotoLoad;
				PRODUCT_NAME = "$(TARGET_NAME)";
				SWIFT_VERSION = 3.0;
			};
			name = Release;
		};
/* End XCBuildConfiguration section */

/* Begin XCConfigurationList section */
		95292DFB20065326006FD63A /* Build configuration list for PBXProject "FlickPhotoLoad" */ = {
			isa = XCConfigurationList;
			buildConfigurations = (
				95292E1320065326006FD63A /* Debug */,
				95292E1420065326006FD63A /* Release */,
			);
			defaultConfigurationIsVisible = 0;
			defaultConfigurationName = Release;
		};
		95292E1520065326006FD63A /* Build configuration list for PBXNativeTarget "FlickPhotoLoad" */ = {
			isa = XCConfigurationList;
			buildConfigurations = (
				95292E1620065326006FD63A /* Debug */,
				95292E1720065326006FD63A /* Release */,
			);
			defaultConfigurationIsVisible = 0;
			defaultConfigurationName = Release;
		};
/* End XCConfigurationList section */

/* Begin XCVersionGroup section */
		95292E0A20065326006FD63A /* FlickPhotoLoad.xcdatamodeld */ = {
			isa = XCVersionGroup;
			children = (
				95292E0B20065326006FD63A /* FlickPhotoLoad.xcdatamodel */,
			);
			currentVersion = 95292E0B20065326006FD63A /* FlickPhotoLoad.xcdatamodel */;
			path = FlickPhotoLoad.xcdatamodeld;
			sourceTree = "<group>";
			versionGroupType = wrapper.xcdatamodel;
		};
/* End XCVersionGroup section */
	};
	rootObject = 95292DF820065326006FD63A /* Project object */;
}
